// !$*UTF8*$!
{
	archiveVersion = 1;
	classes = {
	};
	objectVersion = 46;
	objects = {

/* Begin PBXBuildFile section */
		9CDCB6331D8B5E4D006B1BFE /* AppDelegate.swift in Sources */ = {isa = PBXBuildFile; fileRef = 9CDCB6321D8B5E4D006B1BFE /* AppDelegate.swift */; };
		9CDCB6351D8B5E4D006B1BFE /* ViewController.swift in Sources */ = {isa = PBXBuildFile; fileRef = 9CDCB6341D8B5E4D006B1BFE /* ViewController.swift */; };
		9CDCB6381D8B5E4D006B1BFE /* Main.storyboard in Resources */ = {isa = PBXBuildFile; fileRef = 9CDCB6361D8B5E4D006B1BFE /* Main.storyboard */; };
		9CDCB63A1D8B5E4D006B1BFE /* Assets.xcassets in Resources */ = {isa = PBXBuildFile; fileRef = 9CDCB6391D8B5E4D006B1BFE /* Assets.xcassets */; };
		9CDCB63D1D8B5E4D006B1BFE /* LaunchScreen.storyboard in Resources */ = {isa = PBXBuildFile; fileRef = 9CDCB63B1D8B5E4D006B1BFE /* LaunchScreen.storyboard */; };
		9CDCB6481D8B5E4D006B1BFE /* StudoTests.swift in Sources */ = {isa = PBXBuildFile; fileRef = 9CDCB6471D8B5E4D006B1BFE /* StudoTests.swift */; };
		9CDCB6531D8B5E4D006B1BFE /* StudoUITests.swift in Sources */ = {isa = PBXBuildFile; fileRef = 9CDCB6521D8B5E4D006B1BFE /* StudoUITests.swift */; };
/* End PBXBuildFile section */

/* Begin PBXContainerItemProxy section */
		9CDCB6441D8B5E4D006B1BFE /* PBXContainerItemProxy */ = {
			isa = PBXContainerItemProxy;
			containerPortal = 9CDCB6271D8B5E4D006B1BFE /* Project object */;
			proxyType = 1;
			remoteGlobalIDString = 9CDCB62E1D8B5E4D006B1BFE;
			remoteInfo = Studo;
		};
		9CDCB64F1D8B5E4D006B1BFE /* PBXContainerItemProxy */ = {
			isa = PBXContainerItemProxy;
			containerPortal = 9CDCB6271D8B5E4D006B1BFE /* Project object */;
			proxyType = 1;
			remoteGlobalIDString = 9CDCB62E1D8B5E4D006B1BFE;
			remoteInfo = Studo;
		};
/* End PBXContainerItemProxy section */

/* Begin PBXFileReference section */
		9CDCB62F1D8B5E4D006B1BFE /* Studo.app */ = {isa = PBXFileReference; explicitFileType = wrapper.application; includeInIndex = 0; path = Studo.app; sourceTree = BUILT_PRODUCTS_DIR; };
		9CDCB6321D8B5E4D006B1BFE /* AppDelegate.swift */ = {isa = PBXFileReference; lastKnownFileType = sourcecode.swift; path = AppDelegate.swift; sourceTree = "<group>"; };
		9CDCB6341D8B5E4D006B1BFE /* ViewController.swift */ = {isa = PBXFileReference; lastKnownFileType = sourcecode.swift; path = ViewController.swift; sourceTree = "<group>"; };
		9CDCB6371D8B5E4D006B1BFE /* Base */ = {isa = PBXFileReference; lastKnownFileType = file.storyboard; name = Base; path = Base.lproj/Main.storyboard; sourceTree = "<group>"; };
		9CDCB6391D8B5E4D006B1BFE /* Assets.xcassets */ = {isa = PBXFileReference; lastKnownFileType = folder.assetcatalog; path = Assets.xcassets; sourceTree = "<group>"; };
		9CDCB63C1D8B5E4D006B1BFE /* Base */ = {isa = PBXFileReference; lastKnownFileType = file.storyboard; name = Base; path = Base.lproj/LaunchScreen.storyboard; sourceTree = "<group>"; };
		9CDCB63E1D8B5E4D006B1BFE /* Info.plist */ = {isa = PBXFileReference; lastKnownFileType = text.plist.xml; path = Info.plist; sourceTree = "<group>"; };
		9CDCB6431D8B5E4D006B1BFE /* StudoTests.xctest */ = {isa = PBXFileReference; explicitFileType = wrapper.cfbundle; includeInIndex = 0; path = StudoTests.xctest; sourceTree = BUILT_PRODUCTS_DIR; };
		9CDCB6471D8B5E4D006B1BFE /* StudoTests.swift */ = {isa = PBXFileReference; lastKnownFileType = sourcecode.swift; path = StudoTests.swift; sourceTree = "<group>"; };
		9CDCB6491D8B5E4D006B1BFE /* Info.plist */ = {isa = PBXFileReference; lastKnownFileType = text.plist.xml; path = Info.plist; sourceTree = "<group>"; };
		9CDCB64E1D8B5E4D006B1BFE /* StudoUITests.xctest */ = {isa = PBXFileReference; explicitFileType = wrapper.cfbundle; includeInIndex = 0; path = StudoUITests.xctest; sourceTree = BUILT_PRODUCTS_DIR; };
		9CDCB6521D8B5E4D006B1BFE /* StudoUITests.swift */ = {isa = PBXFileReference; lastKnownFileType = sourcecode.swift; path = StudoUITests.swift; sourceTree = "<group>"; };
		9CDCB6541D8B5E4D006B1BFE /* Info.plist */ = {isa = PBXFileReference; lastKnownFileType = text.plist.xml; path = Info.plist; sourceTree = "<group>"; };
/* End PBXFileReference section */

/* Begin PBXFrameworksBuildPhase section */
		9CDCB62C1D8B5E4D006B1BFE /* Frameworks */ = {
			isa = PBXFrameworksBuildPhase;
			buildActionMask = 2147483647;
			files = (
			);
			runOnlyForDeploymentPostprocessing = 0;
		};
		9CDCB6401D8B5E4D006B1BFE /* Frameworks */ = {
			isa = PBXFrameworksBuildPhase;
			buildActionMask = 2147483647;
			files = (
			);
			runOnlyForDeploymentPostprocessing = 0;
		};
		9CDCB64B1D8B5E4D006B1BFE /* Frameworks */ = {
			isa = PBXFrameworksBuildPhase;
			buildActionMask = 2147483647;
			files = (
			);
			runOnlyForDeploymentPostprocessing = 0;
		};
/* End PBXFrameworksBuildPhase section */

/* Begin PBXGroup section */
		9CDCB6261D8B5E4D006B1BFE = {
			isa = PBXGroup;
			children = (
				9CDCB6311D8B5E4D006B1BFE /* Studo */,
				9CDCB6461D8B5E4D006B1BFE /* StudoTests */,
				9CDCB6511D8B5E4D006B1BFE /* StudoUITests */,
				9CDCB6301D8B5E4D006B1BFE /* Products */,
			);
			sourceTree = "<group>";
		};
		9CDCB6301D8B5E4D006B1BFE /* Products */ = {
			isa = PBXGroup;
			children = (
				9CDCB62F1D8B5E4D006B1BFE /* Studo.app */,
				9CDCB6431D8B5E4D006B1BFE /* StudoTests.xctest */,
				9CDCB64E1D8B5E4D006B1BFE /* StudoUITests.xctest */,
			);
			name = Products;
			sourceTree = "<group>";
		};
		9CDCB6311D8B5E4D006B1BFE /* Studo */ = {
			isa = PBXGroup;
			children = (
				9CDCB6321D8B5E4D006B1BFE /* AppDelegate.swift */,
				9CDCB6341D8B5E4D006B1BFE /* ViewController.swift */,
				9CDCB6361D8B5E4D006B1BFE /* Main.storyboard */,
				9CDCB6391D8B5E4D006B1BFE /* Assets.xcassets */,
				9CDCB63B1D8B5E4D006B1BFE /* LaunchScreen.storyboard */,
				9CDCB63E1D8B5E4D006B1BFE /* Info.plist */,
			);
			path = Studo;
			sourceTree = "<group>";
		};
		9CDCB6461D8B5E4D006B1BFE /* StudoTests */ = {
			isa = PBXGroup;
			children = (
				9CDCB6471D8B5E4D006B1BFE /* StudoTests.swift */,
				9CDCB6491D8B5E4D006B1BFE /* Info.plist */,
			);
			path = StudoTests;
			sourceTree = "<group>";
		};
		9CDCB6511D8B5E4D006B1BFE /* StudoUITests */ = {
			isa = PBXGroup;
			children = (
				9CDCB6521D8B5E4D006B1BFE /* StudoUITests.swift */,
				9CDCB6541D8B5E4D006B1BFE /* Info.plist */,
			);
			path = StudoUITests;
			sourceTree = "<group>";
		};
/* End PBXGroup section */

/* Begin PBXNativeTarget section */
		9CDCB62E1D8B5E4D006B1BFE /* Studo */ = {
			isa = PBXNativeTarget;
			buildConfigurationList = 9CDCB6571D8B5E4D006B1BFE /* Build configuration list for PBXNativeTarget "Studo" */;
			buildPhases = (
				9CDCB62B1D8B5E4D006B1BFE /* Sources */,
				9CDCB62C1D8B5E4D006B1BFE /* Frameworks */,
				9CDCB62D1D8B5E4D006B1BFE /* Resources */,
			);
			buildRules = (
			);
			dependencies = (
			);
			name = Studo;
			productName = Studo;
			productReference = 9CDCB62F1D8B5E4D006B1BFE /* Studo.app */;
			productType = "com.apple.product-type.application";
		};
		9CDCB6421D8B5E4D006B1BFE /* StudoTests */ = {
			isa = PBXNativeTarget;
			buildConfigurationList = 9CDCB65A1D8B5E4D006B1BFE /* Build configuration list for PBXNativeTarget "StudoTests" */;
			buildPhases = (
				9CDCB63F1D8B5E4D006B1BFE /* Sources */,
				9CDCB6401D8B5E4D006B1BFE /* Frameworks */,
				9CDCB6411D8B5E4D006B1BFE /* Resources */,
			);
			buildRules = (
			);
			dependencies = (
				9CDCB6451D8B5E4D006B1BFE /* PBXTargetDependency */,
			);
			name = StudoTests;
			productName = StudoTests;
			productReference = 9CDCB6431D8B5E4D006B1BFE /* StudoTests.xctest */;
			productType = "com.apple.product-type.bundle.unit-test";
		};
		9CDCB64D1D8B5E4D006B1BFE /* StudoUITests */ = {
			isa = PBXNativeTarget;
			buildConfigurationList = 9CDCB65D1D8B5E4D006B1BFE /* Build configuration list for PBXNativeTarget "StudoUITests" */;
			buildPhases = (
				9CDCB64A1D8B5E4D006B1BFE /* Sources */,
				9CDCB64B1D8B5E4D006B1BFE /* Frameworks */,
				9CDCB64C1D8B5E4D006B1BFE /* Resources */,
			);
			buildRules = (
			);
			dependencies = (
				9CDCB6501D8B5E4D006B1BFE /* PBXTargetDependency */,
			);
			name = StudoUITests;
			productName = StudoUITests;
			productReference = 9CDCB64E1D8B5E4D006B1BFE /* StudoUITests.xctest */;
			productType = "com.apple.product-type.bundle.ui-testing";
		};
/* End PBXNativeTarget section */

/* Begin PBXProject section */
		9CDCB6271D8B5E4D006B1BFE /* Project object */ = {
			isa = PBXProject;
			attributes = {
				LastSwiftUpdateCheck = 0730;
				LastUpgradeCheck = 0730;
				ORGANIZATIONNAME = "GBMH USA";
				TargetAttributes = {
					9CDCB62E1D8B5E4D006B1BFE = {
						CreatedOnToolsVersion = 7.3.1;
					};
					9CDCB6421D8B5E4D006B1BFE = {
						CreatedOnToolsVersion = 7.3.1;
						TestTargetID = 9CDCB62E1D8B5E4D006B1BFE;
					};
					9CDCB64D1D8B5E4D006B1BFE = {
						CreatedOnToolsVersion = 7.3.1;
						TestTargetID = 9CDCB62E1D8B5E4D006B1BFE;
					};
				};
			};
			buildConfigurationList = 9CDCB62A1D8B5E4D006B1BFE /* Build configuration list for PBXProject "Studo" */;
			compatibilityVersion = "Xcode 3.2";
			developmentRegion = English;
			hasScannedForEncodings = 0;
			knownRegions = (
				en,
				Base,
			);
			mainGroup = 9CDCB6261D8B5E4D006B1BFE;
			productRefGroup = 9CDCB6301D8B5E4D006B1BFE /* Products */;
			projectDirPath = "";
			projectRoot = "";
			targets = (
				9CDCB62E1D8B5E4D006B1BFE /* Studo */,
				9CDCB6421D8B5E4D006B1BFE /* StudoTests */,
				9CDCB64D1D8B5E4D006B1BFE /* StudoUITests */,
			);
		};
/* End PBXProject section */

/* Begin PBXResourcesBuildPhase section */
		9CDCB62D1D8B5E4D006B1BFE /* Resources */ = {
			isa = PBXResourcesBuildPhase;
			buildActionMask = 2147483647;
			files = (
				9CDCB63D1D8B5E4D006B1BFE /* LaunchScreen.storyboard in Resources */,
				9CDCB63A1D8B5E4D006B1BFE /* Assets.xcassets in Resources */,
				9CDCB6381D8B5E4D006B1BFE /* Main.storyboard in Resources */,
			);
			runOnlyForDeploymentPostprocessing = 0;
		};
		9CDCB6411D8B5E4D006B1BFE /* Resources */ = {
			isa = PBXResourcesBuildPhase;
			buildActionMask = 2147483647;
			files = (
			);
			runOnlyForDeploymentPostprocessing = 0;
		};
		9CDCB64C1D8B5E4D006B1BFE /* Resources */ = {
			isa = PBXResourcesBuildPhase;
			buildActionMask = 2147483647;
			files = (
			);
			runOnlyForDeploymentPostprocessing = 0;
		};
/* End PBXResourcesBuildPhase section */

/* Begin PBXSourcesBuildPhase section */
		9CDCB62B1D8B5E4D006B1BFE /* Sources */ = {
			isa = PBXSourcesBuildPhase;
			buildActionMask = 2147483647;
			files = (
				9CDCB6351D8B5E4D006B1BFE /* ViewController.swift in Sources */,
				9CDCB6331D8B5E4D006B1BFE /* AppDelegate.swift in Sources */,
			);
			runOnlyForDeploymentPostprocessing = 0;
		};
		9CDCB63F1D8B5E4D006B1BFE /* Sources */ = {
			isa = PBXSourcesBuildPhase;
			buildActionMask = 2147483647;
			files = (
				9CDCB6481D8B5E4D006B1BFE /* StudoTests.swift in Sources */,
			);
			runOnlyForDeploymentPostprocessing = 0;
		};
		9CDCB64A1D8B5E4D006B1BFE /* Sources */ = {
			isa = PBXSourcesBuildPhase;
			buildActionMask = 2147483647;
			files = (
				9CDCB6531D8B5E4D006B1BFE /* StudoUITests.swift in Sources */,
			);
			runOnlyForDeploymentPostprocessing = 0;
		};
/* End PBXSourcesBuildPhase section */

/* Begin PBXTargetDependency section */
		9CDCB6451D8B5E4D006B1BFE /* PBXTargetDependency */ = {
			isa = PBXTargetDependency;
			target = 9CDCB62E1D8B5E4D006B1BFE /* Studo */;
			targetProxy = 9CDCB6441D8B5E4D006B1BFE /* PBXContainerItemProxy */;
		};
		9CDCB6501D8B5E4D006B1BFE /* PBXTargetDependency */ = {
			isa = PBXTargetDependency;
			target = 9CDCB62E1D8B5E4D006B1BFE /* Studo */;
			targetProxy = 9CDCB64F1D8B5E4D006B1BFE /* PBXContainerItemProxy */;
		};
/* End PBXTargetDependency section */

/* Begin PBXVariantGroup section */
		9CDCB6361D8B5E4D006B1BFE /* Main.storyboard */ = {
			isa = PBXVariantGroup;
			children = (
				9CDCB6371D8B5E4D006B1BFE /* Base */,
			);
			name = Main.storyboard;
			sourceTree = "<group>";
		};
		9CDCB63B1D8B5E4D006B1BFE /* LaunchScreen.storyboard */ = {
			isa = PBXVariantGroup;
			children = (
				9CDCB63C1D8B5E4D006B1BFE /* Base */,
			);
			name = LaunchScreen.storyboard;
			sourceTree = "<group>";
		};
/* End PBXVariantGroup section */

/* Begin XCBuildConfiguration section */
		9CDCB6551D8B5E4D006B1BFE /* Debug */ = {
			isa = XCBuildConfiguration;
			buildSettings = {
				ALWAYS_SEARCH_USER_PATHS = NO;
				CLANG_ANALYZER_NONNULL = YES;
				CLANG_CXX_LANGUAGE_STANDARD = "gnu++0x";
				CLANG_CXX_LIBRARY = "libc++";
				CLANG_ENABLE_MODULES = YES;
				CLANG_ENABLE_OBJC_ARC = YES;
				CLANG_WARN_BOOL_CONVERSION = YES;
				CLANG_WARN_CONSTANT_CONVERSION = YES;
				CLANG_WARN_DIRECT_OBJC_ISA_USAGE = YES_ERROR;
				CLANG_WARN_EMPTY_BODY = YES;
				CLANG_WARN_ENUM_CONVERSION = YES;
				CLANG_WARN_INT_CONVERSION = YES;
				CLANG_WARN_OBJC_ROOT_CLASS = YES_ERROR;
				CLANG_WARN_UNREACHABLE_CODE = YES;
				CLANG_WARN__DUPLICATE_METHOD_MATCH = YES;
				"CODE_SIGN_IDENTITY[sdk=iphoneos*]" = "iPhone Developer";
				COPY_PHASE_STRIP = NO;
				DEBUG_INFORMATION_FORMAT = dwarf;
				ENABLE_STRICT_OBJC_MSGSEND = YES;
				ENABLE_TESTABILITY = YES;
				GCC_C_LANGUAGE_STANDARD = gnu99;
				GCC_DYNAMIC_NO_PIC = NO;
				GCC_NO_COMMON_BLOCKS = YES;
				GCC_OPTIMIZATION_LEVEL = 0;
				GCC_PREPROCESSOR_DEFINITIONS = (
					"DEBUG=1",
					"$(inherited)",
				);
				GCC_WARN_64_TO_32_BIT_CONVERSION = YES;
				GCC_WARN_ABOUT_RETURN_TYPE = YES_ERROR;
				GCC_WARN_UNDECLARED_SELECTOR = YES;
				GCC_WARN_UNINITIALIZED_AUTOS = YES_AGGRESSIVE;
				GCC_WARN_UNUSED_FUNCTION = YES;
				GCC_WARN_UNUSED_VARIABLE = YES;
				IPHONEOS_DEPLOYMENT_TARGET = 9.3;
				MTL_ENABLE_DEBUG_INFO = YES;
				ONLY_ACTIVE_ARCH = YES;
				SDKROOT = iphoneos;
				SWIFT_OPTIMIZATION_LEVEL = "-Onone";
				TARGETED_DEVICE_FAMILY = "1,2";
			};
			name = Debug;
		};
		9CDCB6561D8B5E4D006B1BFE /* Release */ = {
			isa = XCBuildConfiguration;
			buildSettings = {
				ALWAYS_SEARCH_USER_PATHS = NO;
				CLANG_ANALYZER_NONNULL = YES;
				CLANG_CXX_LANGUAGE_STANDARD = "gnu++0x";
				CLANG_CXX_LIBRARY = "libc++";
				CLANG_ENABLE_MODULES = YES;
				CLANG_ENABLE_OBJC_ARC = YES;
				CLANG_WARN_BOOL_CONVERSION = YES;
				CLANG_WARN_CONSTANT_CONVERSION = YES;
				CLANG_WARN_DIRECT_OBJC_ISA_USAGE = YES_ERROR;
				CLANG_WARN_EMPTY_BODY = YES;
				CLANG_WARN_ENUM_CONVERSION = YES;
				CLANG_WARN_INT_CONVERSION = YES;
				CLANG_WARN_OBJC_ROOT_CLASS = YES_ERROR;
				CLANG_WARN_UNREACHABLE_CODE = YES;
				CLANG_WARN__DUPLICATE_METHOD_MATCH = YES;
				"CODE_SIGN_IDENTITY[sdk=iphoneos*]" = "iPhone Developer";
				COPY_PHASE_STRIP = NO;
				DEBUG_INFORMATION_FORMAT = "dwarf-with-dsym";
				ENABLE_NS_ASSERTIONS = NO;
				ENABLE_STRICT_OBJC_MSGSEND = YES;
				GCC_C_LANGUAGE_STANDARD = gnu99;
				GCC_NO_COMMON_BLOCKS = YES;
				GCC_WARN_64_TO_32_BIT_CONVERSION = YES;
				GCC_WARN_ABOUT_RETURN_TYPE = YES_ERROR;
				GCC_WARN_UNDECLARED_SELECTOR = YES;
				GCC_WARN_UNINITIALIZED_AUTOS = YES_AGGRESSIVE;
				GCC_WARN_UNUSED_FUNCTION = YES;
				GCC_WARN_UNUSED_VARIABLE = YES;
				IPHONEOS_DEPLOYMENT_TARGET = 9.3;
				MTL_ENABLE_DEBUG_INFO = NO;
				SDKROOT = iphoneos;
				TARGETED_DEVICE_FAMILY = "1,2";
				VALIDATE_PRODUCT = YES;
			};
			name = Release;
		};
		9CDCB6581D8B5E4D006B1BFE /* Debug */ = {
			isa = XCBuildConfiguration;
			buildSettings = {
				ASSETCATALOG_COMPILER_APPICON_NAME = AppIcon;
				INFOPLIST_FILE = Studo/Info.plist;
				LD_RUNPATH_SEARCH_PATHS = "$(inherited) @executable_path/Frameworks";
				PRODUCT_BUNDLE_IDENTIFIER = "GBMH-USA.Studo";
				PRODUCT_NAME = "$(TARGET_NAME)";
			};
			name = Debug;
		};
		9CDCB6591D8B5E4D006B1BFE /* Release */ = {
			isa = XCBuildConfiguration;
			buildSettings = {
				ASSETCATALOG_COMPILER_APPICON_NAME = AppIcon;
				INFOPLIST_FILE = Studo/Info.plist;
				LD_RUNPATH_SEARCH_PATHS = "$(inherited) @executable_path/Frameworks";
				PRODUCT_BUNDLE_IDENTIFIER = "GBMH-USA.Studo";
				PRODUCT_NAME = "$(TARGET_NAME)";
			};
			name = Release;
		};
		9CDCB65B1D8B5E4D006B1BFE /* Debug */ = {
			isa = XCBuildConfiguration;
			buildSettings = {
				BUNDLE_LOADER = "$(TEST_HOST)";
				INFOPLIST_FILE = StudoTests/Info.plist;
				LD_RUNPATH_SEARCH_PATHS = "$(inherited) @executable_path/Frameworks @loader_path/Frameworks";
				PRODUCT_BUNDLE_IDENTIFIER = "GBMH-USA.StudoTests";
				PRODUCT_NAME = "$(TARGET_NAME)";
				TEST_HOST = "$(BUILT_PRODUCTS_DIR)/Studo.app/Studo";
			};
			name = Debug;
		};
		9CDCB65C1D8B5E4D006B1BFE /* Release */ = {
			isa = XCBuildConfiguration;
			buildSettings = {
				BUNDLE_LOADER = "$(TEST_HOST)";
				INFOPLIST_FILE = StudoTests/Info.plist;
				LD_RUNPATH_SEARCH_PATHS = "$(inherited) @executable_path/Frameworks @loader_path/Frameworks";
				PRODUCT_BUNDLE_IDENTIFIER = "GBMH-USA.StudoTests";
				PRODUCT_NAME = "$(TARGET_NAME)";
				TEST_HOST = "$(BUILT_PRODUCTS_DIR)/Studo.app/Studo";
			};
			name = Release;
		};
		9CDCB65E1D8B5E4D006B1BFE /* Debug */ = {
			isa = XCBuildConfiguration;
			buildSettings = {
				INFOPLIST_FILE = StudoUITests/Info.plist;
				LD_RUNPATH_SEARCH_PATHS = "$(inherited) @executable_path/Frameworks @loader_path/Frameworks";
				PRODUCT_BUNDLE_IDENTIFIER = "GBMH-USA.StudoUITests";
				PRODUCT_NAME = "$(TARGET_NAME)";
				TEST_TARGET_NAME = Studo;
			};
			name = Debug;
		};
		9CDCB65F1D8B5E4D006B1BFE /* Release */ = {
			isa = XCBuildConfiguration;
			buildSettings = {
				INFOPLIST_FILE = StudoUITests/Info.plist;
				LD_RUNPATH_SEARCH_PATHS = "$(inherited) @executable_path/Frameworks @loader_path/Frameworks";
				PRODUCT_BUNDLE_IDENTIFIER = "GBMH-USA.StudoUITests";
				PRODUCT_NAME = "$(TARGET_NAME)";
				TEST_TARGET_NAME = Studo;
			};
			name = Release;
		};
/* End XCBuildConfiguration section */

/* Begin XCConfigurationList section */
		9CDCB62A1D8B5E4D006B1BFE /* Build configuration list for PBXProject "Studo" */ = {
			isa = XCConfigurationList;
			buildConfigurations = (
				9CDCB6551D8B5E4D006B1BFE /* Debug */,
				9CDCB6561D8B5E4D006B1BFE /* Release */,
			);
			defaultConfigurationIsVisible = 0;
			defaultConfigurationName = Release;
		};
		9CDCB6571D8B5E4D006B1BFE /* Build configuration list for PBXNativeTarget "Studo" */ = {
			isa = XCConfigurationList;
			buildConfigurations = (
				9CDCB6581D8B5E4D006B1BFE /* Debug */,
				9CDCB6591D8B5E4D006B1BFE /* Release */,
			);
			defaultConfigurationIsVisible = 0;
		};
		9CDCB65A1D8B5E4D006B1BFE /* Build configuration list for PBXNativeTarget "StudoTests" */ = {
			isa = XCConfigurationList;
			buildConfigurations = (
				9CDCB65B1D8B5E4D006B1BFE /* Debug */,
				9CDCB65C1D8B5E4D006B1BFE /* Release */,
			);
			defaultConfigurationIsVisible = 0;
		};
		9CDCB65D1D8B5E4D006B1BFE /* Build configuration list for PBXNativeTarget "StudoUITests" */ = {
			isa = XCConfigurationList;
			buildConfigurations = (
				9CDCB65E1D8B5E4D006B1BFE /* Debug */,
				9CDCB65F1D8B5E4D006B1BFE /* Release */,
			);
			defaultConfigurationIsVisible = 0;
		};
/* End XCConfigurationList section */
	};
	rootObject = 9CDCB6271D8B5E4D006B1BFE /* Project object */;
}
